
Microsoft Visual Studio Solution File, Format Version 12.00
# Visual Studio Version 17
VisualStudioVersion = 17.13.35931.197
MinimumVisualStudioVersion = 10.0.40219.1
Project("{FAE04EC0-301F-11D3-BF4B-00C04F79EFBC}") = "RubikCube", "RubikCube.csproj", "{4187AEBE-3EFE-415D-8C96-4A53ED1DDAE5}"
EndProject
Project("{FAE04EC0-301F-11D3-BF4B-00C04F79EFBC}") = "RubikCube.Tests", "..\RubikCube.Tests\RubikCube.Tests.csproj", "{F8B302D8-7FE1-44D7-B776-ACD86561B143}"
EndProject
Global
	GlobalSection(SolutionConfigurationPlatforms) = preSolution
		Debug|Any CPU = Debug|Any CPU
		Release|Any CPU = Release|Any CPU
	EndGlobalSection
	GlobalSection(ProjectConfigurationPlatforms) = postSolution
		{4187AEBE-3EFE-415D-8C96-4A53ED1DDAE5}.Debug|Any CPU.ActiveCfg = Debug|Any CPU
		{4187AEBE-3EFE-415D-8C96-4A53ED1DDAE5}.Debug|Any CPU.Build.0 = Debug|Any CPU
		{4187AEBE-3EFE-415D-8C96-4A53ED1DDAE5}.Release|Any CPU.ActiveCfg = Release|Any CPU
		{4187AEBE-3EFE-415D-8C96-4A53ED1DDAE5}.Release|Any CPU.Build.0 = Release|Any CPU
		{F8B302D8-7FE1-44D7-B776-ACD86561B143}.Debug|Any CPU.ActiveCfg = Debug|Any CPU
		{F8B302D8-7FE1-44D7-B776-ACD86561B143}.Debug|Any CPU.Build.0 = Debug|Any CPU
		{F8B302D8-7FE1-44D7-B776-ACD86561B143}.Release|Any CPU.ActiveCfg = Release|Any CPU
		{F8B302D8-7FE1-44D7-B776-ACD86561B143}.Release|Any CPU.Build.0 = Release|Any CPU
	EndGlobalSection
	GlobalSection(SolutionProperties) = preSolution
		HideSolutionNode = FALSE
	EndGlobalSection
	GlobalSection(ExtensibilityGlobals) = postSolution
		SolutionGuid = {3A8C23A6-464C-4620-A703-6546AF698A00}
	EndGlobalSection
EndGlobal
